# THIS IS AN AUTOGENERATED FILE. DO NOT EDIT THIS FILE DIRECTLY.
# yarn lockfile v1


fs-nextra@^0.4.5:
  version "0.4.5"
  resolved "https://registry.yarnpkg.com/fs-nextra/-/fs-nextra-0.4.5.tgz#0f44a00dd6c0547adaf59ce875e59941d0c70664"
  integrity sha512-oY2o6j0izYzJWp2sow21SekkR3qeMZqHV5ZfNFvfKimFU7piw1/AWwiwbcWjuSfwrfCmHyHymWZOyNbKOzew5g==
